
Microsoft Visual Studio Solution File, Format Version 12.00
# Visual Studio Version 16
VisualStudioVersion = 16.0.808.8
MinimumVisualStudioVersion = 10.0.40219.1
Project("{FAE04EC0-301F-11D3-BF4B-00C04F79EFBC}") = "did-core", "did-core.csproj", "{15F1C189-3CD9-42B8-A391-A887E4633CD9}"
EndProject
Project("{FAE04EC0-301F-11D3-BF4B-00C04F79EFBC}") = "did-key", "..\did-key\did-key\did-key.csproj", "{FC278254-E9B3-4464-A705-8C9719B0E9B0}"
EndProject
Global
	GlobalSection(SolutionConfigurationPlatforms) = preSolution
		Debug|Any CPU = Debug|Any CPU
		Release|Any CPU = Release|Any CPU
	EndGlobalSection
	GlobalSection(ProjectConfigurationPlatforms) = postSolution
		{15F1C189-3CD9-42B8-A391-A887E4633CD9}.Debug|Any CPU.ActiveCfg = Debug|Any CPU
		{15F1C189-3CD9-42B8-A391-A887E4633CD9}.Debug|Any CPU.Build.0 = Debug|Any CPU
		{15F1C189-3CD9-42B8-A391-A887E4633CD9}.Release|Any CPU.ActiveCfg = Release|Any CPU
		{15F1C189-3CD9-42B8-A391-A887E4633CD9}.Release|Any CPU.Build.0 = Release|Any CPU
		{FC278254-E9B3-4464-A705-8C9719B0E9B0}.Debug|Any CPU.ActiveCfg = Debug|Any CPU
		{FC278254-E9B3-4464-A705-8C9719B0E9B0}.Debug|Any CPU.Build.0 = Debug|Any CPU
		{FC278254-E9B3-4464-A705-8C9719B0E9B0}.Release|Any CPU.ActiveCfg = Release|Any CPU
		{FC278254-E9B3-4464-A705-8C9719B0E9B0}.Release|Any CPU.Build.0 = Release|Any CPU
	EndGlobalSection
	GlobalSection(SolutionProperties) = preSolution
		HideSolutionNode = FALSE
	EndGlobalSection
	GlobalSection(ExtensibilityGlobals) = postSolution
		SolutionGuid = {BBF8FDB7-D52D-49F0-936C-C3BF92CBE72C}
	EndGlobalSection
EndGlobal
