
Microsoft Visual Studio Solution File, Format Version 12.00
# Visual Studio Version 16
VisualStudioVersion = 16.0.808.8
MinimumVisualStudioVersion = 10.0.40219.1
Project("{9A19103F-16F7-4668-BE54-9A1E7A4F7556}") = "did-key", "did-key\did-key.csproj", "{DCB0FCCA-D781-4951-8172-675B2DBBFD18}"
EndProject
Project("{9A19103F-16F7-4668-BE54-9A1E7A4F7556}") = "ed25519", "ed25519\ed25519.csproj", "{DB2EFA88-0A35-4634-AD44-A63ACB100D08}"
EndProject
Project("{FAE04EC0-301F-11D3-BF4B-00C04F79EFBC}") = "did-key-test-console", "did-key-test-console\did-key-test-console.csproj", "{F64A14DE-CE15-40D6-8E0F-1FD443B02AD7}"
EndProject
Global
	GlobalSection(SolutionConfigurationPlatforms) = preSolution
		Debug|Any CPU = Debug|Any CPU
		Release|Any CPU = Release|Any CPU
	EndGlobalSection
	GlobalSection(ProjectConfigurationPlatforms) = postSolution
		{DCB0FCCA-D781-4951-8172-675B2DBBFD18}.Debug|Any CPU.ActiveCfg = Debug|Any CPU
		{DCB0FCCA-D781-4951-8172-675B2DBBFD18}.Debug|Any CPU.Build.0 = Debug|Any CPU
		{DCB0FCCA-D781-4951-8172-675B2DBBFD18}.Release|Any CPU.ActiveCfg = Release|Any CPU
		{DCB0FCCA-D781-4951-8172-675B2DBBFD18}.Release|Any CPU.Build.0 = Release|Any CPU
		{DB2EFA88-0A35-4634-AD44-A63ACB100D08}.Debug|Any CPU.ActiveCfg = Debug|Any CPU
		{DB2EFA88-0A35-4634-AD44-A63ACB100D08}.Debug|Any CPU.Build.0 = Debug|Any CPU
		{DB2EFA88-0A35-4634-AD44-A63ACB100D08}.Release|Any CPU.ActiveCfg = Release|Any CPU
		{DB2EFA88-0A35-4634-AD44-A63ACB100D08}.Release|Any CPU.Build.0 = Release|Any CPU
		{F64A14DE-CE15-40D6-8E0F-1FD443B02AD7}.Debug|Any CPU.ActiveCfg = Debug|Any CPU
		{F64A14DE-CE15-40D6-8E0F-1FD443B02AD7}.Debug|Any CPU.Build.0 = Debug|Any CPU
		{F64A14DE-CE15-40D6-8E0F-1FD443B02AD7}.Release|Any CPU.ActiveCfg = Release|Any CPU
		{F64A14DE-CE15-40D6-8E0F-1FD443B02AD7}.Release|Any CPU.Build.0 = Release|Any CPU
	EndGlobalSection
	GlobalSection(SolutionProperties) = preSolution
		HideSolutionNode = FALSE
	EndGlobalSection
	GlobalSection(ExtensibilityGlobals) = postSolution
		SolutionGuid = {BBF8FDB7-D52D-49F0-936C-C3BF92CBE72C}
	EndGlobalSection
EndGlobal
